// !$*UTF8*$!
{
	archiveVersion = 1;
	classes = {
	};
	objectVersion = 46;
	objects = {

/* Begin PBXBuildFile section */
		E755CDD11CAF23A700980DE8 /* AppDelegate.swift in Sources */ = {isa = PBXBuildFile; fileRef = E755CDD01CAF23A700980DE8 /* AppDelegate.swift */; };
		E755CDD31CAF23A700980DE8 /* ViewController.swift in Sources */ = {isa = PBXBuildFile; fileRef = E755CDD21CAF23A700980DE8 /* ViewController.swift */; };
		E755CDD61CAF23A700980DE8 /* Main.storyboard in Resources */ = {isa = PBXBuildFile; fileRef = E755CDD41CAF23A700980DE8 /* Main.storyboard */; };
		E755CDD81CAF23A700980DE8 /* Assets.xcassets in Resources */ = {isa = PBXBuildFile; fileRef = E755CDD71CAF23A700980DE8 /* Assets.xcassets */; };
		E755CDDB1CAF23A700980DE8 /* LaunchScreen.storyboard in Resources */ = {isa = PBXBuildFile; fileRef = E755CDD91CAF23A700980DE8 /* LaunchScreen.storyboard */; };
		E755CDE61CAF23A700980DE8 /* OnboardAppUITests.swift in Sources */ = {isa = PBXBuildFile; fileRef = E755CDE51CAF23A700980DE8 /* OnboardAppUITests.swift */; };
		E7BBA8661CAF5C0C00CE5FB0 /* Onboarding.framework in Frameworks */ = {isa = PBXBuildFile; fileRef = E7BBA8651CAF5C0C00CE5FB0 /* Onboarding.framework */; };
/* End PBXBuildFile section */

/* Begin PBXContainerItemProxy section */
		E755CDE21CAF23A700980DE8 /* PBXContainerItemProxy */ = {
			isa = PBXContainerItemProxy;
			containerPortal = E755CDC51CAF23A700980DE8 /* Project object */;
			proxyType = 1;
			remoteGlobalIDString = E755CDCC1CAF23A700980DE8;
			remoteInfo = OnboardApp;
		};
/* End PBXContainerItemProxy section */

/* Begin PBXFileReference section */
		E755CDCD1CAF23A700980DE8 /* OnboardApp.app */ = {isa = PBXFileReference; explicitFileType = wrapper.application; includeInIndex = 0; path = OnboardApp.app; sourceTree = BUILT_PRODUCTS_DIR; };
		E755CDD01CAF23A700980DE8 /* AppDelegate.swift */ = {isa = PBXFileReference; lastKnownFileType = sourcecode.swift; path = AppDelegate.swift; sourceTree = "<group>"; };
		E755CDD21CAF23A700980DE8 /* ViewController.swift */ = {isa = PBXFileReference; lastKnownFileType = sourcecode.swift; path = ViewController.swift; sourceTree = "<group>"; };
		E755CDD51CAF23A700980DE8 /* Base */ = {isa = PBXFileReference; lastKnownFileType = file.storyboard; name = Base; path = Base.lproj/Main.storyboard; sourceTree = "<group>"; };
		E755CDD71CAF23A700980DE8 /* Assets.xcassets */ = {isa = PBXFileReference; lastKnownFileType = folder.assetcatalog; path = Assets.xcassets; sourceTree = "<group>"; };
		E755CDDA1CAF23A700980DE8 /* Base */ = {isa = PBXFileReference; lastKnownFileType = file.storyboard; name = Base; path = Base.lproj/LaunchScreen.storyboard; sourceTree = "<group>"; };
		E755CDDC1CAF23A700980DE8 /* Info.plist */ = {isa = PBXFileReference; lastKnownFileType = text.plist.xml; path = Info.plist; sourceTree = "<group>"; };
		E755CDE11CAF23A700980DE8 /* OnboardAppUITests.xctest */ = {isa = PBXFileReference; explicitFileType = wrapper.cfbundle; includeInIndex = 0; path = OnboardAppUITests.xctest; sourceTree = BUILT_PRODUCTS_DIR; };
		E755CDE51CAF23A700980DE8 /* OnboardAppUITests.swift */ = {isa = PBXFileReference; lastKnownFileType = sourcecode.swift; path = OnboardAppUITests.swift; sourceTree = "<group>"; };
		E755CDE71CAF23A700980DE8 /* Info.plist */ = {isa = PBXFileReference; lastKnownFileType = text.plist.xml; path = Info.plist; sourceTree = "<group>"; };
		E7BBA8651CAF5C0C00CE5FB0 /* Onboarding.framework */ = {isa = PBXFileReference; lastKnownFileType = wrapper.framework; name = Onboarding.framework; path = "../../../../Library/Developer/Xcode/DerivedData/Onboarding-cfvqhgrzntdoemdwotixjxzhqkld/Build/Products/Debug-iphoneos/Onboarding.framework"; sourceTree = "<group>"; };
/* End PBXFileReference section */

/* Begin PBXFrameworksBuildPhase section */
		E755CDCA1CAF23A700980DE8 /* Frameworks */ = {
			isa = PBXFrameworksBuildPhase;
			buildActionMask = 2147483647;
			files = (
				E7BBA8661CAF5C0C00CE5FB0 /* Onboarding.framework in Frameworks */,
			);
			runOnlyForDeploymentPostprocessing = 0;
		};
		E755CDDE1CAF23A700980DE8 /* Frameworks */ = {
			isa = PBXFrameworksBuildPhase;
			buildActionMask = 2147483647;
			files = (
			);
			runOnlyForDeploymentPostprocessing = 0;
		};
/* End PBXFrameworksBuildPhase section */

/* Begin PBXGroup section */
		E755CDC41CAF23A700980DE8 = {
			isa = PBXGroup;
			children = (
				E7BBA8651CAF5C0C00CE5FB0 /* Onboarding.framework */,
				E755CDCF1CAF23A700980DE8 /* OnboardApp */,
				E755CDE41CAF23A700980DE8 /* OnboardAppUITests */,
				E755CDCE1CAF23A700980DE8 /* Products */,
			);
			sourceTree = "<group>";
		};
		E755CDCE1CAF23A700980DE8 /* Products */ = {
			isa = PBXGroup;
			children = (
				E755CDCD1CAF23A700980DE8 /* OnboardApp.app */,
				E755CDE11CAF23A700980DE8 /* OnboardAppUITests.xctest */,
			);
			name = Products;
			sourceTree = "<group>";
		};
		E755CDCF1CAF23A700980DE8 /* OnboardApp */ = {
			isa = PBXGroup;
			children = (
				E755CDD01CAF23A700980DE8 /* AppDelegate.swift */,
				E755CDD21CAF23A700980DE8 /* ViewController.swift */,
				E755CDD41CAF23A700980DE8 /* Main.storyboard */,
				E755CDD71CAF23A700980DE8 /* Assets.xcassets */,
				E755CDD91CAF23A700980DE8 /* LaunchScreen.storyboard */,
				E755CDDC1CAF23A700980DE8 /* Info.plist */,
			);
			path = OnboardApp;
			sourceTree = "<group>";
		};
		E755CDE41CAF23A700980DE8 /* OnboardAppUITests */ = {
			isa = PBXGroup;
			children = (
				E755CDE51CAF23A700980DE8 /* OnboardAppUITests.swift */,
				E755CDE71CAF23A700980DE8 /* Info.plist */,
			);
			path = OnboardAppUITests;
			sourceTree = "<group>";
		};
/* End PBXGroup section */

/* Begin PBXNativeTarget section */
		E755CDCC1CAF23A700980DE8 /* OnboardApp */ = {
			isa = PBXNativeTarget;
			buildConfigurationList = E755CDEA1CAF23A700980DE8 /* Build configuration list for PBXNativeTarget "OnboardApp" */;
			buildPhases = (
				E755CDC91CAF23A700980DE8 /* Sources */,
				E755CDCA1CAF23A700980DE8 /* Frameworks */,
				E755CDCB1CAF23A700980DE8 /* Resources */,
			);
			buildRules = (
			);
			dependencies = (
			);
			name = OnboardApp;
			productName = OnboardApp;
			productReference = E755CDCD1CAF23A700980DE8 /* OnboardApp.app */;
			productType = "com.apple.product-type.application";
		};
		E755CDE01CAF23A700980DE8 /* OnboardAppUITests */ = {
			isa = PBXNativeTarget;
			buildConfigurationList = E755CDED1CAF23A700980DE8 /* Build configuration list for PBXNativeTarget "OnboardAppUITests" */;
			buildPhases = (
				E755CDDD1CAF23A700980DE8 /* Sources */,
				E755CDDE1CAF23A700980DE8 /* Frameworks */,
				E755CDDF1CAF23A700980DE8 /* Resources */,
			);
			buildRules = (
			);
			dependencies = (
				E755CDE31CAF23A700980DE8 /* PBXTargetDependency */,
			);
			name = OnboardAppUITests;
			productName = OnboardAppUITests;
			productReference = E755CDE11CAF23A700980DE8 /* OnboardAppUITests.xctest */;
			productType = "com.apple.product-type.bundle.ui-testing";
		};
/* End PBXNativeTarget section */

/* Begin PBXProject section */
		E755CDC51CAF23A700980DE8 /* Project object */ = {
			isa = PBXProject;
			attributes = {
				LastSwiftUpdateCheck = 0730;
				LastUpgradeCheck = 0730;
				ORGANIZATIONNAME = rockwood;
				TargetAttributes = {
					E755CDCC1CAF23A700980DE8 = {
						CreatedOnToolsVersion = 7.3;
					};
					E755CDE01CAF23A700980DE8 = {
						CreatedOnToolsVersion = 7.3;
						TestTargetID = E755CDCC1CAF23A700980DE8;
					};
				};
			};
			buildConfigurationList = E755CDC81CAF23A700980DE8 /* Build configuration list for PBXProject "OnboardApp" */;
			compatibilityVersion = "Xcode 3.2";
			developmentRegion = English;
			hasScannedForEncodings = 0;
			knownRegions = (
				en,
				Base,
			);
			mainGroup = E755CDC41CAF23A700980DE8;
			productRefGroup = E755CDCE1CAF23A700980DE8 /* Products */;
			projectDirPath = "";
			projectRoot = "";
			targets = (
				E755CDCC1CAF23A700980DE8 /* OnboardApp */,
				E755CDE01CAF23A700980DE8 /* OnboardAppUITests */,
			);
		};
/* End PBXProject section */

/* Begin PBXResourcesBuildPhase section */
		E755CDCB1CAF23A700980DE8 /* Resources */ = {
			isa = PBXResourcesBuildPhase;
			buildActionMask = 2147483647;
			files = (
				E755CDDB1CAF23A700980DE8 /* LaunchScreen.storyboard in Resources */,
				E755CDD81CAF23A700980DE8 /* Assets.xcassets in Resources */,
				E755CDD61CAF23A700980DE8 /* Main.storyboard in Resources */,
			);
			runOnlyForDeploymentPostprocessing = 0;
		};
		E755CDDF1CAF23A700980DE8 /* Resources */ = {
			isa = PBXResourcesBuildPhase;
			buildActionMask = 2147483647;
			files = (
			);
			runOnlyForDeploymentPostprocessing = 0;
		};
/* End PBXResourcesBuildPhase section */

/* Begin PBXSourcesBuildPhase section */
		E755CDC91CAF23A700980DE8 /* Sources */ = {
			isa = PBXSourcesBuildPhase;
			buildActionMask = 2147483647;
			files = (
				E755CDD31CAF23A700980DE8 /* ViewController.swift in Sources */,
				E755CDD11CAF23A700980DE8 /* AppDelegate.swift in Sources */,
			);
			runOnlyForDeploymentPostprocessing = 0;
		};
		E755CDDD1CAF23A700980DE8 /* Sources */ = {
			isa = PBXSourcesBuildPhase;
			buildActionMask = 2147483647;
			files = (
				E755CDE61CAF23A700980DE8 /* OnboardAppUITests.swift in Sources */,
			);
			runOnlyForDeploymentPostprocessing = 0;
		};
/* End PBXSourcesBuildPhase section */

/* Begin PBXTargetDependency section */
		E755CDE31CAF23A700980DE8 /* PBXTargetDependency */ = {
			isa = PBXTargetDependency;
			target = E755CDCC1CAF23A700980DE8 /* OnboardApp */;
			targetProxy = E755CDE21CAF23A700980DE8 /* PBXContainerItemProxy */;
		};
/* End PBXTargetDependency section */

/* Begin PBXVariantGroup section */
		E755CDD41CAF23A700980DE8 /* Main.storyboard */ = {
			isa = PBXVariantGroup;
			children = (
				E755CDD51CAF23A700980DE8 /* Base */,
			);
			name = Main.storyboard;
			sourceTree = "<group>";
		};
		E755CDD91CAF23A700980DE8 /* LaunchScreen.storyboard */ = {
			isa = PBXVariantGroup;
			children = (
				E755CDDA1CAF23A700980DE8 /* Base */,
			);
			name = LaunchScreen.storyboard;
			sourceTree = "<group>";
		};
/* End PBXVariantGroup section */

/* Begin XCBuildConfiguration section */
		E755CDE81CAF23A700980DE8 /* Debug */ = {
			isa = XCBuildConfiguration;
			buildSettings = {
				ALWAYS_SEARCH_USER_PATHS = NO;
				CLANG_ANALYZER_NONNULL = YES;
				CLANG_CXX_LANGUAGE_STANDARD = "gnu++0x";
				CLANG_CXX_LIBRARY = "libc++";
				CLANG_ENABLE_MODULES = YES;
				CLANG_ENABLE_OBJC_ARC = YES;
				CLANG_WARN_BOOL_CONVERSION = YES;
				CLANG_WARN_CONSTANT_CONVERSION = YES;
				CLANG_WARN_DIRECT_OBJC_ISA_USAGE = YES_ERROR;
				CLANG_WARN_EMPTY_BODY = YES;
				CLANG_WARN_ENUM_CONVERSION = YES;
				CLANG_WARN_INT_CONVERSION = YES;
				CLANG_WARN_OBJC_ROOT_CLASS = YES_ERROR;
				CLANG_WARN_UNREACHABLE_CODE = YES;
				CLANG_WARN__DUPLICATE_METHOD_MATCH = YES;
				"CODE_SIGN_IDENTITY[sdk=iphoneos*]" = "iPhone Developer";
				COPY_PHASE_STRIP = NO;
				DEBUG_INFORMATION_FORMAT = dwarf;
				ENABLE_STRICT_OBJC_MSGSEND = YES;
				ENABLE_TESTABILITY = YES;
				GCC_C_LANGUAGE_STANDARD = gnu99;
				GCC_DYNAMIC_NO_PIC = NO;
				GCC_NO_COMMON_BLOCKS = YES;
				GCC_OPTIMIZATION_LEVEL = 0;
				GCC_PREPROCESSOR_DEFINITIONS = (
					"DEBUG=1",
					"$(inherited)",
				);
				GCC_WARN_64_TO_32_BIT_CONVERSION = YES;
				GCC_WARN_ABOUT_RETURN_TYPE = YES_ERROR;
				GCC_WARN_UNDECLARED_SELECTOR = YES;
				GCC_WARN_UNINITIALIZED_AUTOS = YES_AGGRESSIVE;
				GCC_WARN_UNUSED_FUNCTION = YES;
				GCC_WARN_UNUSED_VARIABLE = YES;
				IPHONEOS_DEPLOYMENT_TARGET = 9.3;
				MTL_ENABLE_DEBUG_INFO = YES;
				ONLY_ACTIVE_ARCH = YES;
				SDKROOT = iphoneos;
				SWIFT_OPTIMIZATION_LEVEL = "-Onone";
				TARGETED_DEVICE_FAMILY = "1,2";
			};
			name = Debug;
		};
		E755CDE91CAF23A700980DE8 /* Release */ = {
			isa = XCBuildConfiguration;
			buildSettings = {
				ALWAYS_SEARCH_USER_PATHS = NO;
				CLANG_ANALYZER_NONNULL = YES;
				CLANG_CXX_LANGUAGE_STANDARD = "gnu++0x";
				CLANG_CXX_LIBRARY = "libc++";
				CLANG_ENABLE_MODULES = YES;
				CLANG_ENABLE_OBJC_ARC = YES;
				CLANG_WARN_BOOL_CONVERSION = YES;
				CLANG_WARN_CONSTANT_CONVERSION = YES;
				CLANG_WARN_DIRECT_OBJC_ISA_USAGE = YES_ERROR;
				CLANG_WARN_EMPTY_BODY = YES;
				CLANG_WARN_ENUM_CONVERSION = YES;
				CLANG_WARN_INT_CONVERSION = YES;
				CLANG_WARN_OBJC_ROOT_CLASS = YES_ERROR;
				CLANG_WARN_UNREACHABLE_CODE = YES;
				CLANG_WARN__DUPLICATE_METHOD_MATCH = YES;
				"CODE_SIGN_IDENTITY[sdk=iphoneos*]" = "iPhone Developer";
				COPY_PHASE_STRIP = NO;
				DEBUG_INFORMATION_FORMAT = "dwarf-with-dsym";
				ENABLE_NS_ASSERTIONS = NO;
				ENABLE_STRICT_OBJC_MSGSEND = YES;
				GCC_C_LANGUAGE_STANDARD = gnu99;
				GCC_NO_COMMON_BLOCKS = YES;
				GCC_WARN_64_TO_32_BIT_CONVERSION = YES;
				GCC_WARN_ABOUT_RETURN_TYPE = YES_ERROR;
				GCC_WARN_UNDECLARED_SELECTOR = YES;
				GCC_WARN_UNINITIALIZED_AUTOS = YES_AGGRESSIVE;
				GCC_WARN_UNUSED_FUNCTION = YES;
				GCC_WARN_UNUSED_VARIABLE = YES;
				IPHONEOS_DEPLOYMENT_TARGET = 9.3;
				MTL_ENABLE_DEBUG_INFO = NO;
				SDKROOT = iphoneos;
				TARGETED_DEVICE_FAMILY = "1,2";
				VALIDATE_PRODUCT = YES;
			};
			name = Release;
		};
		E755CDEB1CAF23A700980DE8 /* Debug */ = {
			isa = XCBuildConfiguration;
			buildSettings = {
				ASSETCATALOG_COMPILER_APPICON_NAME = AppIcon;
				INFOPLIST_FILE = OnboardApp/Info.plist;
				LD_RUNPATH_SEARCH_PATHS = "$(inherited) @executable_path/Frameworks";
				PRODUCT_BUNDLE_IDENTIFIER = com.rockwood.OnboardApp;
				PRODUCT_NAME = "$(TARGET_NAME)";
			};
			name = Debug;
		};
		E755CDEC1CAF23A700980DE8 /* Release */ = {
			isa = XCBuildConfiguration;
			buildSettings = {
				ASSETCATALOG_COMPILER_APPICON_NAME = AppIcon;
				INFOPLIST_FILE = OnboardApp/Info.plist;
				LD_RUNPATH_SEARCH_PATHS = "$(inherited) @executable_path/Frameworks";
				PRODUCT_BUNDLE_IDENTIFIER = com.rockwood.OnboardApp;
				PRODUCT_NAME = "$(TARGET_NAME)";
			};
			name = Release;
		};
		E755CDEE1CAF23A700980DE8 /* Debug */ = {
			isa = XCBuildConfiguration;
			buildSettings = {
				INFOPLIST_FILE = OnboardAppUITests/Info.plist;
				LD_RUNPATH_SEARCH_PATHS = "$(inherited) @executable_path/Frameworks @loader_path/Frameworks";
				PRODUCT_BUNDLE_IDENTIFIER = com.rockwood.OnboardAppUITests;
				PRODUCT_NAME = "$(TARGET_NAME)";
				TEST_TARGET_NAME = OnboardApp;
			};
			name = Debug;
		};
		E755CDEF1CAF23A700980DE8 /* Release */ = {
			isa = XCBuildConfiguration;
			buildSettings = {
				INFOPLIST_FILE = OnboardAppUITests/Info.plist;
				LD_RUNPATH_SEARCH_PATHS = "$(inherited) @executable_path/Frameworks @loader_path/Frameworks";
				PRODUCT_BUNDLE_IDENTIFIER = com.rockwood.OnboardAppUITests;
				PRODUCT_NAME = "$(TARGET_NAME)";
				TEST_TARGET_NAME = OnboardApp;
			};
			name = Release;
		};
/* End XCBuildConfiguration section */

/* Begin XCConfigurationList section */
		E755CDC81CAF23A700980DE8 /* Build configuration list for PBXProject "OnboardApp" */ = {
			isa = XCConfigurationList;
			buildConfigurations = (
				E755CDE81CAF23A700980DE8 /* Debug */,
				E755CDE91CAF23A700980DE8 /* Release */,
			);
			defaultConfigurationIsVisible = 0;
			defaultConfigurationName = Release;
		};
		E755CDEA1CAF23A700980DE8 /* Build configuration list for PBXNativeTarget "OnboardApp" */ = {
			isa = XCConfigurationList;
			buildConfigurations = (
				E755CDEB1CAF23A700980DE8 /* Debug */,
				E755CDEC1CAF23A700980DE8 /* Release */,
			);
			defaultConfigurationIsVisible = 0;
			defaultConfigurationName = Release;
		};
		E755CDED1CAF23A700980DE8 /* Build configuration list for PBXNativeTarget "OnboardAppUITests" */ = {
			isa = XCConfigurationList;
			buildConfigurations = (
				E755CDEE1CAF23A700980DE8 /* Debug */,
				E755CDEF1CAF23A700980DE8 /* Release */,
			);
			defaultConfigurationIsVisible = 0;
			defaultConfigurationName = Release;
		};
/* End XCConfigurationList section */
	};
	rootObject = E755CDC51CAF23A700980DE8 /* Project object */;
}
